
Microsoft Visual Studio Solution File, Format Version 12.00
# Visual Studio Version 17
VisualStudioVersion = 17.10.34916.146
MinimumVisualStudioVersion = 10.0.40219.1
Project("{FAE04EC0-301F-11D3-BF4B-00C04F79EFBC}") = "WebAppExcelReader", "WebAppExcelReader.csproj", "{89FD32D5-69A2-4EEE-9334-366E8732EF3C}"
EndProject
Global
	GlobalSection(SolutionConfigurationPlatforms) = preSolution
		Debug|Any CPU = Debug|Any CPU
		Release|Any CPU = Release|Any CPU
	EndGlobalSection
	GlobalSection(ProjectConfigurationPlatforms) = postSolution
		{89FD32D5-69A2-4EEE-9334-366E8732EF3C}.Debug|Any CPU.ActiveCfg = Debug|Any CPU
		{89FD32D5-69A2-4EEE-9334-366E8732EF3C}.Debug|Any CPU.Build.0 = Debug|Any CPU
		{89FD32D5-69A2-4EEE-9334-366E8732EF3C}.Release|Any CPU.ActiveCfg = Release|Any CPU
		{89FD32D5-69A2-4EEE-9334-366E8732EF3C}.Release|Any CPU.Build.0 = Release|Any CPU
	EndGlobalSection
	GlobalSection(SolutionProperties) = preSolution
		HideSolutionNode = FALSE
	EndGlobalSection
	GlobalSection(ExtensibilityGlobals) = postSolution
		SolutionGuid = {FF247129-6490-4B7C-88A7-446605755184}
	EndGlobalSection
EndGlobal
